
Microsoft Visual Studio Solution File, Format Version 12.00
# Visual Studio Version 17
VisualStudioVersion = 17.0.32126.317
MinimumVisualStudioVersion = 10.0.40219.1
Project("{8BC9CEB8-8B4A-11D0-8D11-00A0C91BC942}") = "OOP1", "OOP1\OOP1.vcxproj", "{ADD0B240-AC3D-40EB-AB7E-693155A1A8BF}"
EndProject
Global
	GlobalSection(SolutionConfigurationPlatforms) = preSolution
		Debug|x64 = Debug|x64
		Debug|x86 = Debug|x86
		Release|x64 = Release|x64
		Release|x86 = Release|x86
	EndGlobalSection
	GlobalSection(ProjectConfigurationPlatforms) = postSolution
		{ADD0B240-AC3D-40EB-AB7E-693155A1A8BF}.Debug|x64.ActiveCfg = Debug|x64
		{ADD0B240-AC3D-40EB-AB7E-693155A1A8BF}.Debug|x64.Build.0 = Debug|x64
		{ADD0B240-AC3D-40EB-AB7E-693155A1A8BF}.Debug|x86.ActiveCfg = Debug|Win32
		{ADD0B240-AC3D-40EB-AB7E-693155A1A8BF}.Debug|x86.Build.0 = Debug|Win32
		{ADD0B240-AC3D-40EB-AB7E-693155A1A8BF}.Release|x64.ActiveCfg = Release|x64
		{ADD0B240-AC3D-40EB-AB7E-693155A1A8BF}.Release|x64.Build.0 = Release|x64
		{ADD0B240-AC3D-40EB-AB7E-693155A1A8BF}.Release|x86.ActiveCfg = Release|Win32
		{ADD0B240-AC3D-40EB-AB7E-693155A1A8BF}.Release|x86.Build.0 = Release|Win32
	EndGlobalSection
	GlobalSection(SolutionProperties) = preSolution
		HideSolutionNode = FALSE
	EndGlobalSection
	GlobalSection(ExtensibilityGlobals) = postSolution
		SolutionGuid = {EEC004EC-235C-4938-B977-FFBE028FC541}
	EndGlobalSection
EndGlobal
